// !$*UTF8*$!
{
	archiveVersion = 1;
	classes = {
	};
	objectVersion = 46;
	objects = {

/* Begin PBXBuildFile section */
		4E8137D11CCFC46D00F39E2A /* LogEntry.swift in Sources */ = {isa = PBXBuildFile; fileRef = 4E8137D01CCFC46D00F39E2A /* LogEntry.swift */; };
		4EA1936B1CCD050C00F212A4 /* LaunchViewController.swift in Sources */ = {isa = PBXBuildFile; fileRef = 4EA1936A1CCD050C00F212A4 /* LaunchViewController.swift */; };
		4EA1936D1CCD06AD00F212A4 /* DataTabBarViewController.swift in Sources */ = {isa = PBXBuildFile; fileRef = 4EA1936C1CCD06AD00F212A4 /* DataTabBarViewController.swift */; };
		4EA1936F1CCD073300F212A4 /* InputViewController.swift in Sources */ = {isa = PBXBuildFile; fileRef = 4EA1936E1CCD073300F212A4 /* InputViewController.swift */; };
		4EA193711CCD07B100F212A4 /* ImportDataViewController.swift in Sources */ = {isa = PBXBuildFile; fileRef = 4EA193701CCD07B100F212A4 /* ImportDataViewController.swift */; };
		4ED98FD01CC68FE700198A8A /* AppDelegate.swift in Sources */ = {isa = PBXBuildFile; fileRef = 4ED98FCF1CC68FE700198A8A /* AppDelegate.swift */; };
		4ED98FD21CC68FE700198A8A /* DashboardViewController.swift in Sources */ = {isa = PBXBuildFile; fileRef = 4ED98FD11CC68FE700198A8A /* DashboardViewController.swift */; };
		4ED98FD51CC68FE700198A8A /* Main.storyboard in Resources */ = {isa = PBXBuildFile; fileRef = 4ED98FD31CC68FE700198A8A /* Main.storyboard */; };
		4ED98FD71CC68FE700198A8A /* Assets.xcassets in Resources */ = {isa = PBXBuildFile; fileRef = 4ED98FD61CC68FE700198A8A /* Assets.xcassets */; };
		4ED98FDA1CC68FE700198A8A /* LaunchScreen.storyboard in Resources */ = {isa = PBXBuildFile; fileRef = 4ED98FD81CC68FE700198A8A /* LaunchScreen.storyboard */; };
		4ED98FE51CC68FE800198A8A /* eventsModelTests.swift in Sources */ = {isa = PBXBuildFile; fileRef = 4ED98FE41CC68FE800198A8A /* eventsModelTests.swift */; };
		4ED98FF01CC68FE800198A8A /* sownataUITests.swift in Sources */ = {isa = PBXBuildFile; fileRef = 4ED98FEF1CC68FE800198A8A /* sownataUITests.swift */; };
		C42E09E71EBCBB5E007E6758 /* Charts.framework in Frameworks */ = {isa = PBXBuildFile; fileRef = C42E09DE1EBCBA12007E6758 /* Charts.framework */; };
		C42E09E81EBCBB5E007E6758 /* Charts.framework in Embed Frameworks */ = {isa = PBXBuildFile; fileRef = C42E09DE1EBCBA12007E6758 /* Charts.framework */; settings = {ATTRIBUTES = (CodeSignOnCopy, RemoveHeadersOnCopy, ); }; };
		C42E09EE1EBCC963007E6758 /* useCaseTests.swift in Sources */ = {isa = PBXBuildFile; fileRef = C42E09ED1EBCC963007E6758 /* useCaseTests.swift */; };
		C44F54341E8428CC00837F4F /* EventsModel.xcdatamodeld in Sources */ = {isa = PBXBuildFile; fileRef = C44F54321E8428CC00837F4F /* EventsModel.xcdatamodeld */; };
		C44F54381E8430FB00837F4F /* Verb.swift in Sources */ = {isa = PBXBuildFile; fileRef = C44F54371E8430FB00837F4F /* Verb.swift */; };
		C44F543B1E84314E00837F4F /* Noun.swift in Sources */ = {isa = PBXBuildFile; fileRef = C44F543A1E84314E00837F4F /* Noun.swift */; };
		C44F543D1E84316900837F4F /* Event.swift in Sources */ = {isa = PBXBuildFile; fileRef = C44F543C1E84316900837F4F /* Event.swift */; };
		C44F543F1E84317F00837F4F /* Attribute.swift in Sources */ = {isa = PBXBuildFile; fileRef = C44F543E1E84317F00837F4F /* Attribute.swift */; };
		C44F54411E84319B00837F4F /* Value.swift in Sources */ = {isa = PBXBuildFile; fileRef = C44F54401E84319B00837F4F /* Value.swift */; };
		C44F54431E8431A300837F4F /* Measure.swift in Sources */ = {isa = PBXBuildFile; fileRef = C44F54421E8431A300837F4F /* Measure.swift */; };
		C44F54451E8431AD00837F4F /* Property.swift in Sources */ = {isa = PBXBuildFile; fileRef = C44F54441E8431AD00837F4F /* Property.swift */; };
		C4703CC11E85319B00EBAB76 /* EventsModel.swift in Sources */ = {isa = PBXBuildFile; fileRef = C4703CC01E85319B00EBAB76 /* EventsModel.swift */; };
/* End PBXBuildFile section */

/* Begin PBXContainerItemProxy section */
		4ED98FE11CC68FE800198A8A /* PBXContainerItemProxy */ = {
			isa = PBXContainerItemProxy;
			containerPortal = 4ED98FC41CC68FE700198A8A /* Project object */;
			proxyType = 1;
			remoteGlobalIDString = 4ED98FCB1CC68FE700198A8A;
			remoteInfo = sownata;
		};
		4ED98FEC1CC68FE800198A8A /* PBXContainerItemProxy */ = {
			isa = PBXContainerItemProxy;
			containerPortal = 4ED98FC41CC68FE700198A8A /* Project object */;
			proxyType = 1;
			remoteGlobalIDString = 4ED98FCB1CC68FE700198A8A;
			remoteInfo = sownata;
		};
		C42E09DD1EBCBA12007E6758 /* PBXContainerItemProxy */ = {
			isa = PBXContainerItemProxy;
			containerPortal = C42E09D81EBCBA12007E6758 /* Charts.xcodeproj */;
			proxyType = 2;
			remoteGlobalIDString = 06165F241D8110E600722320;
			remoteInfo = Charts;
		};
		C42E09DF1EBCBA12007E6758 /* PBXContainerItemProxy */ = {
			isa = PBXContainerItemProxy;
			containerPortal = C42E09D81EBCBA12007E6758 /* Charts.xcodeproj */;
			proxyType = 2;
			remoteGlobalIDString = 06165F2E1D8110E600722320;
			remoteInfo = ChartsTests;
		};
		C42E09E91EBCBB5E007E6758 /* PBXContainerItemProxy */ = {
			isa = PBXContainerItemProxy;
			containerPortal = C42E09D81EBCBA12007E6758 /* Charts.xcodeproj */;
			proxyType = 1;
			remoteGlobalIDString = 06165F231D8110E600722320;
			remoteInfo = Charts;
		};
/* End PBXContainerItemProxy section */

/* Begin PBXCopyFilesBuildPhase section */
		4E2FC6471CCBC7E2000F1464 /* Embed Frameworks */ = {
			isa = PBXCopyFilesBuildPhase;
			buildActionMask = 2147483647;
			dstPath = "";
			dstSubfolderSpec = 10;
			files = (
				C42E09E81EBCBB5E007E6758 /* Charts.framework in Embed Frameworks */,
			);
			name = "Embed Frameworks";
			runOnlyForDeploymentPostprocessing = 0;
		};
/* End PBXCopyFilesBuildPhase section */

/* Begin PBXFileReference section */
		4E8137D01CCFC46D00F39E2A /* LogEntry.swift */ = {isa = PBXFileReference; fileEncoding = 4; lastKnownFileType = sourcecode.swift; path = LogEntry.swift; sourceTree = "<group>"; };
		4EA1936A1CCD050C00F212A4 /* LaunchViewController.swift */ = {isa = PBXFileReference; fileEncoding = 4; lastKnownFileType = sourcecode.swift; path = LaunchViewController.swift; sourceTree = "<group>"; };
		4EA1936C1CCD06AD00F212A4 /* DataTabBarViewController.swift */ = {isa = PBXFileReference; fileEncoding = 4; lastKnownFileType = sourcecode.swift; path = DataTabBarViewController.swift; sourceTree = "<group>"; };
		4EA1936E1CCD073300F212A4 /* InputViewController.swift */ = {isa = PBXFileReference; fileEncoding = 4; lastKnownFileType = sourcecode.swift; path = InputViewController.swift; sourceTree = "<group>"; };
		4EA193701CCD07B100F212A4 /* ImportDataViewController.swift */ = {isa = PBXFileReference; fileEncoding = 4; lastKnownFileType = sourcecode.swift; path = ImportDataViewController.swift; sourceTree = "<group>"; };
		4ED98FCC1CC68FE700198A8A /* sownata.app */ = {isa = PBXFileReference; explicitFileType = wrapper.application; includeInIndex = 0; path = sownata.app; sourceTree = BUILT_PRODUCTS_DIR; };
		4ED98FCF1CC68FE700198A8A /* AppDelegate.swift */ = {isa = PBXFileReference; lastKnownFileType = sourcecode.swift; path = AppDelegate.swift; sourceTree = "<group>"; };
		4ED98FD11CC68FE700198A8A /* DashboardViewController.swift */ = {isa = PBXFileReference; lastKnownFileType = sourcecode.swift; path = DashboardViewController.swift; sourceTree = "<group>"; };
		4ED98FD41CC68FE700198A8A /* Base */ = {isa = PBXFileReference; lastKnownFileType = file.storyboard; name = Base; path = Base.lproj/Main.storyboard; sourceTree = "<group>"; };
		4ED98FD61CC68FE700198A8A /* Assets.xcassets */ = {isa = PBXFileReference; lastKnownFileType = folder.assetcatalog; path = Assets.xcassets; sourceTree = "<group>"; };
		4ED98FD91CC68FE700198A8A /* Base */ = {isa = PBXFileReference; lastKnownFileType = file.storyboard; name = Base; path = Base.lproj/LaunchScreen.storyboard; sourceTree = "<group>"; };
		4ED98FDB1CC68FE700198A8A /* Info.plist */ = {isa = PBXFileReference; lastKnownFileType = text.plist.xml; path = Info.plist; sourceTree = "<group>"; };
		4ED98FE01CC68FE800198A8A /* sownataTests.xctest */ = {isa = PBXFileReference; explicitFileType = wrapper.cfbundle; includeInIndex = 0; path = sownataTests.xctest; sourceTree = BUILT_PRODUCTS_DIR; };
		4ED98FE41CC68FE800198A8A /* eventsModelTests.swift */ = {isa = PBXFileReference; lastKnownFileType = sourcecode.swift; path = eventsModelTests.swift; sourceTree = "<group>"; };
		4ED98FE61CC68FE800198A8A /* Info.plist */ = {isa = PBXFileReference; lastKnownFileType = text.plist.xml; path = Info.plist; sourceTree = "<group>"; };
		4ED98FEB1CC68FE800198A8A /* sownataUITests.xctest */ = {isa = PBXFileReference; explicitFileType = wrapper.cfbundle; includeInIndex = 0; path = sownataUITests.xctest; sourceTree = BUILT_PRODUCTS_DIR; };
		4ED98FEF1CC68FE800198A8A /* sownataUITests.swift */ = {isa = PBXFileReference; lastKnownFileType = sourcecode.swift; path = sownataUITests.swift; sourceTree = "<group>"; };
		4ED98FF11CC68FE800198A8A /* Info.plist */ = {isa = PBXFileReference; lastKnownFileType = text.plist.xml; path = Info.plist; sourceTree = "<group>"; };
		C42E09D81EBCBA12007E6758 /* Charts.xcodeproj */ = {isa = PBXFileReference; lastKnownFileType = "wrapper.pb-project"; name = Charts.xcodeproj; path = "../Charts-master/Charts.xcodeproj"; sourceTree = "<group>"; };
		C42E09ED1EBCC963007E6758 /* useCaseTests.swift */ = {isa = PBXFileReference; fileEncoding = 4; lastKnownFileType = sourcecode.swift; path = useCaseTests.swift; sourceTree = "<group>"; };
		C44F54331E8428CC00837F4F /* EventsModel.xcdatamodel */ = {isa = PBXFileReference; lastKnownFileType = wrapper.xcdatamodel; path = EventsModel.xcdatamodel; sourceTree = "<group>"; };
		C44F54371E8430FB00837F4F /* Verb.swift */ = {isa = PBXFileReference; fileEncoding = 4; lastKnownFileType = sourcecode.swift; path = Verb.swift; sourceTree = "<group>"; };
		C44F543A1E84314E00837F4F /* Noun.swift */ = {isa = PBXFileReference; fileEncoding = 4; lastKnownFileType = sourcecode.swift; path = Noun.swift; sourceTree = "<group>"; };
		C44F543C1E84316900837F4F /* Event.swift */ = {isa = PBXFileReference; fileEncoding = 4; lastKnownFileType = sourcecode.swift; path = Event.swift; sourceTree = "<group>"; };
		C44F543E1E84317F00837F4F /* Attribute.swift */ = {isa = PBXFileReference; fileEncoding = 4; lastKnownFileType = sourcecode.swift; path = Attribute.swift; sourceTree = "<group>"; };
		C44F54401E84319B00837F4F /* Value.swift */ = {isa = PBXFileReference; fileEncoding = 4; lastKnownFileType = sourcecode.swift; path = Value.swift; sourceTree = "<group>"; };
		C44F54421E8431A300837F4F /* Measure.swift */ = {isa = PBXFileReference; fileEncoding = 4; lastKnownFileType = sourcecode.swift; path = Measure.swift; sourceTree = "<group>"; };
		C44F54441E8431AD00837F4F /* Property.swift */ = {isa = PBXFileReference; fileEncoding = 4; lastKnownFileType = sourcecode.swift; path = Property.swift; sourceTree = "<group>"; };
		C4703CC01E85319B00EBAB76 /* EventsModel.swift */ = {isa = PBXFileReference; fileEncoding = 4; lastKnownFileType = sourcecode.swift; path = EventsModel.swift; sourceTree = "<group>"; };
/* End PBXFileReference section */

/* Begin PBXFrameworksBuildPhase section */
		4ED98FC91CC68FE700198A8A /* Frameworks */ = {
			isa = PBXFrameworksBuildPhase;
			buildActionMask = 2147483647;
			files = (
				C42E09E71EBCBB5E007E6758 /* Charts.framework in Frameworks */,
			);
			runOnlyForDeploymentPostprocessing = 0;
		};
		4ED98FDD1CC68FE800198A8A /* Frameworks */ = {
			isa = PBXFrameworksBuildPhase;
			buildActionMask = 2147483647;
			files = (
			);
			runOnlyForDeploymentPostprocessing = 0;
		};
		4ED98FE81CC68FE800198A8A /* Frameworks */ = {
			isa = PBXFrameworksBuildPhase;
			buildActionMask = 2147483647;
			files = (
			);
			runOnlyForDeploymentPostprocessing = 0;
		};
/* End PBXFrameworksBuildPhase section */

/* Begin PBXGroup section */
		4ED98FC31CC68FE700198A8A = {
			isa = PBXGroup;
			children = (
				C42E09D81EBCBA12007E6758 /* Charts.xcodeproj */,
				4ED98FCD1CC68FE700198A8A /* Products */,
				4ED98FCE1CC68FE700198A8A /* sownata */,
				4ED98FE31CC68FE800198A8A /* sownataTests */,
				4ED98FEE1CC68FE800198A8A /* sownataUITests */,
			);
			sourceTree = "<group>";
		};
		4ED98FCD1CC68FE700198A8A /* Products */ = {
			isa = PBXGroup;
			children = (
				4ED98FCC1CC68FE700198A8A /* sownata.app */,
				4ED98FE01CC68FE800198A8A /* sownataTests.xctest */,
				4ED98FEB1CC68FE800198A8A /* sownataUITests.xctest */,
			);
			name = Products;
			sourceTree = "<group>";
		};
		4ED98FCE1CC68FE700198A8A /* sownata */ = {
			isa = PBXGroup;
			children = (
				C44F54391E84311800837F4F /* Model */,
				4ED990041CC69C5900198A8A /* Supporting Files */,
				4ED98FD11CC68FE700198A8A /* DashboardViewController.swift */,
				4ED98FD31CC68FE700198A8A /* Main.storyboard */,
				4E8137D01CCFC46D00F39E2A /* LogEntry.swift */,
				4EA193701CCD07B100F212A4 /* ImportDataViewController.swift */,
				4EA1936E1CCD073300F212A4 /* InputViewController.swift */,
				4EA1936C1CCD06AD00F212A4 /* DataTabBarViewController.swift */,
				4EA1936A1CCD050C00F212A4 /* LaunchViewController.swift */,
			);
			path = sownata;
			sourceTree = "<group>";
		};
		4ED98FE31CC68FE800198A8A /* sownataTests */ = {
			isa = PBXGroup;
			children = (
				4ED98FE41CC68FE800198A8A /* eventsModelTests.swift */,
				4ED98FE61CC68FE800198A8A /* Info.plist */,
				C42E09ED1EBCC963007E6758 /* useCaseTests.swift */,
			);
			path = sownataTests;
			sourceTree = "<group>";
		};
		4ED98FEE1CC68FE800198A8A /* sownataUITests */ = {
			isa = PBXGroup;
			children = (
				4ED98FEF1CC68FE800198A8A /* sownataUITests.swift */,
				4ED98FF11CC68FE800198A8A /* Info.plist */,
			);
			path = sownataUITests;
			sourceTree = "<group>";
		};
		4ED990041CC69C5900198A8A /* Supporting Files */ = {
			isa = PBXGroup;
			children = (
				4ED98FCF1CC68FE700198A8A /* AppDelegate.swift */,
				4ED98FD61CC68FE700198A8A /* Assets.xcassets */,
				4ED98FD81CC68FE700198A8A /* LaunchScreen.storyboard */,
				4ED98FDB1CC68FE700198A8A /* Info.plist */,
			);
			name = "Supporting Files";
			sourceTree = "<group>";
		};
		C42E09D91EBCBA12007E6758 /* Products */ = {
			isa = PBXGroup;
			children = (
				C42E09DE1EBCBA12007E6758 /* Charts.framework */,
				C42E09E01EBCBA12007E6758 /* ChartsTests.xctest */,
			);
			name = Products;
			sourceTree = "<group>";
		};
		C44F54391E84311800837F4F /* Model */ = {
			isa = PBXGroup;
			children = (
				C44F543E1E84317F00837F4F /* Attribute.swift */,
				C44F543C1E84316900837F4F /* Event.swift */,
				C4703CC01E85319B00EBAB76 /* EventsModel.swift */,
				C44F54321E8428CC00837F4F /* EventsModel.xcdatamodeld */,
				C44F54421E8431A300837F4F /* Measure.swift */,
				C44F543A1E84314E00837F4F /* Noun.swift */,
				C44F54441E8431AD00837F4F /* Property.swift */,
				C44F54401E84319B00837F4F /* Value.swift */,
				C44F54371E8430FB00837F4F /* Verb.swift */,
			);
			name = Model;
			sourceTree = "<group>";
		};
/* End PBXGroup section */

/* Begin PBXNativeTarget section */
		4ED98FCB1CC68FE700198A8A /* sownata */ = {
			isa = PBXNativeTarget;
			buildConfigurationList = 4ED98FF41CC68FE800198A8A /* Build configuration list for PBXNativeTarget "sownata" */;
			buildPhases = (
				4ED98FC81CC68FE700198A8A /* Sources */,
				4ED98FC91CC68FE700198A8A /* Frameworks */,
				4ED98FCA1CC68FE700198A8A /* Resources */,
				4E2FC6471CCBC7E2000F1464 /* Embed Frameworks */,
			);
			buildRules = (
			);
			dependencies = (
				C42E09EA1EBCBB5E007E6758 /* PBXTargetDependency */,
			);
			name = sownata;
			productName = sownata;
			productReference = 4ED98FCC1CC68FE700198A8A /* sownata.app */;
			productType = "com.apple.product-type.application";
		};
		4ED98FDF1CC68FE800198A8A /* sownataTests */ = {
			isa = PBXNativeTarget;
			buildConfigurationList = 4ED98FF71CC68FE800198A8A /* Build configuration list for PBXNativeTarget "sownataTests" */;
			buildPhases = (
				4ED98FDC1CC68FE800198A8A /* Sources */,
				4ED98FDD1CC68FE800198A8A /* Frameworks */,
				4ED98FDE1CC68FE800198A8A /* Resources */,
			);
			buildRules = (
			);
			dependencies = (
				4ED98FE21CC68FE800198A8A /* PBXTargetDependency */,
			);
			name = sownataTests;
			productName = sownataTests;
			productReference = 4ED98FE01CC68FE800198A8A /* sownataTests.xctest */;
			productType = "com.apple.product-type.bundle.unit-test";
		};
		4ED98FEA1CC68FE800198A8A /* sownataUITests */ = {
			isa = PBXNativeTarget;
			buildConfigurationList = 4ED98FFA1CC68FE800198A8A /* Build configuration list for PBXNativeTarget "sownataUITests" */;
			buildPhases = (
				4ED98FE71CC68FE800198A8A /* Sources */,
				4ED98FE81CC68FE800198A8A /* Frameworks */,
				4ED98FE91CC68FE800198A8A /* Resources */,
			);
			buildRules = (
			);
			dependencies = (
				4ED98FED1CC68FE800198A8A /* PBXTargetDependency */,
			);
			name = sownataUITests;
			productName = sownataUITests;
			productReference = 4ED98FEB1CC68FE800198A8A /* sownataUITests.xctest */;
			productType = "com.apple.product-type.bundle.ui-testing";
		};
/* End PBXNativeTarget section */

/* Begin PBXProject section */
		4ED98FC41CC68FE700198A8A /* Project object */ = {
			isa = PBXProject;
			attributes = {
				LastSwiftUpdateCheck = 0730;
				LastUpgradeCheck = 0820;
				TargetAttributes = {
					4ED98FCB1CC68FE700198A8A = {
						CreatedOnToolsVersion = 7.3;
						DevelopmentTeam = ARK7F8CZXC;
						LastSwiftMigration = 0820;
					};
					4ED98FDF1CC68FE800198A8A = {
						CreatedOnToolsVersion = 7.3;
						DevelopmentTeam = ARK7F8CZXC;
						LastSwiftMigration = 0820;
						TestTargetID = 4ED98FCB1CC68FE700198A8A;
					};
					4ED98FEA1CC68FE800198A8A = {
						CreatedOnToolsVersion = 7.3;
						DevelopmentTeam = ARK7F8CZXC;
						LastSwiftMigration = 0820;
						TestTargetID = 4ED98FCB1CC68FE700198A8A;
					};
				};
			};
			buildConfigurationList = 4ED98FC71CC68FE700198A8A /* Build configuration list for PBXProject "sownata" */;
			compatibilityVersion = "Xcode 3.2";
			developmentRegion = English;
			hasScannedForEncodings = 0;
			knownRegions = (
				en,
				Base,
			);
			mainGroup = 4ED98FC31CC68FE700198A8A;
			productRefGroup = 4ED98FCD1CC68FE700198A8A /* Products */;
			projectDirPath = "";
			projectReferences = (
				{
					ProductGroup = C42E09D91EBCBA12007E6758 /* Products */;
					ProjectRef = C42E09D81EBCBA12007E6758 /* Charts.xcodeproj */;
				},
			);
			projectRoot = "";
			targets = (
				4ED98FCB1CC68FE700198A8A /* sownata */,
				4ED98FDF1CC68FE800198A8A /* sownataTests */,
				4ED98FEA1CC68FE800198A8A /* sownataUITests */,
			);
		};
/* End PBXProject section */

/* Begin PBXReferenceProxy section */
		C42E09DE1EBCBA12007E6758 /* Charts.framework */ = {
			isa = PBXReferenceProxy;
			fileType = wrapper.framework;
			path = Charts.framework;
			remoteRef = C42E09DD1EBCBA12007E6758 /* PBXContainerItemProxy */;
			sourceTree = BUILT_PRODUCTS_DIR;
		};
		C42E09E01EBCBA12007E6758 /* ChartsTests.xctest */ = {
			isa = PBXReferenceProxy;
			fileType = wrapper.cfbundle;
			path = ChartsTests.xctest;
			remoteRef = C42E09DF1EBCBA12007E6758 /* PBXContainerItemProxy */;
			sourceTree = BUILT_PRODUCTS_DIR;
		};
/* End PBXReferenceProxy section */

/* Begin PBXResourcesBuildPhase section */
		4ED98FCA1CC68FE700198A8A /* Resources */ = {
			isa = PBXResourcesBuildPhase;
			buildActionMask = 2147483647;
			files = (
				4ED98FDA1CC68FE700198A8A /* LaunchScreen.storyboard in Resources */,
				4ED98FD71CC68FE700198A8A /* Assets.xcassets in Resources */,
				4ED98FD51CC68FE700198A8A /* Main.storyboard in Resources */,
			);
			runOnlyForDeploymentPostprocessing = 0;
		};
		4ED98FDE1CC68FE800198A8A /* Resources */ = {
			isa = PBXResourcesBuildPhase;
			buildActionMask = 2147483647;
			files = (
			);
			runOnlyForDeploymentPostprocessing = 0;
		};
		4ED98FE91CC68FE800198A8A /* Resources */ = {
			isa = PBXResourcesBuildPhase;
			buildActionMask = 2147483647;
			files = (
			);
			runOnlyForDeploymentPostprocessing = 0;
		};
/* End PBXResourcesBuildPhase section */

/* Begin PBXSourcesBuildPhase section */
		4ED98FC81CC68FE700198A8A /* Sources */ = {
			isa = PBXSourcesBuildPhase;
			buildActionMask = 2147483647;
			files = (
				C44F54451E8431AD00837F4F /* Property.swift in Sources */,
				C44F54431E8431A300837F4F /* Measure.swift in Sources */,
				C4703CC11E85319B00EBAB76 /* EventsModel.swift in Sources */,
				4EA1936D1CCD06AD00F212A4 /* DataTabBarViewController.swift in Sources */,
				C44F543D1E84316900837F4F /* Event.swift in Sources */,
				4EA1936F1CCD073300F212A4 /* InputViewController.swift in Sources */,
				4E8137D11CCFC46D00F39E2A /* LogEntry.swift in Sources */,
				C44F54381E8430FB00837F4F /* Verb.swift in Sources */,
				4ED98FD21CC68FE700198A8A /* DashboardViewController.swift in Sources */,
				C44F543F1E84317F00837F4F /* Attribute.swift in Sources */,
				C44F543B1E84314E00837F4F /* Noun.swift in Sources */,
				4EA193711CCD07B100F212A4 /* ImportDataViewController.swift in Sources */,
				4EA1936B1CCD050C00F212A4 /* LaunchViewController.swift in Sources */,
				C44F54341E8428CC00837F4F /* EventsModel.xcdatamodeld in Sources */,
				4ED98FD01CC68FE700198A8A /* AppDelegate.swift in Sources */,
				C44F54411E84319B00837F4F /* Value.swift in Sources */,
			);
			runOnlyForDeploymentPostprocessing = 0;
		};
		4ED98FDC1CC68FE800198A8A /* Sources */ = {
			isa = PBXSourcesBuildPhase;
			buildActionMask = 2147483647;
			files = (
				4ED98FE51CC68FE800198A8A /* eventsModelTests.swift in Sources */,
				C42E09EE1EBCC963007E6758 /* useCaseTests.swift in Sources */,
			);
			runOnlyForDeploymentPostprocessing = 0;
		};
		4ED98FE71CC68FE800198A8A /* Sources */ = {
			isa = PBXSourcesBuildPhase;
			buildActionMask = 2147483647;
			files = (
				4ED98FF01CC68FE800198A8A /* sownataUITests.swift in Sources */,
			);
			runOnlyForDeploymentPostprocessing = 0;
		};
/* End PBXSourcesBuildPhase section */

/* Begin PBXTargetDependency section */
		4ED98FE21CC68FE800198A8A /* PBXTargetDependency */ = {
			isa = PBXTargetDependency;
			target = 4ED98FCB1CC68FE700198A8A /* sownata */;
			targetProxy = 4ED98FE11CC68FE800198A8A /* PBXContainerItemProxy */;
		};
		4ED98FED1CC68FE800198A8A /* PBXTargetDependency */ = {
			isa = PBXTargetDependency;
			target = 4ED98FCB1CC68FE700198A8A /* sownata */;
			targetProxy = 4ED98FEC1CC68FE800198A8A /* PBXContainerItemProxy */;
		};
		C42E09EA1EBCBB5E007E6758 /* PBXTargetDependency */ = {
			isa = PBXTargetDependency;
			name = Charts;
			targetProxy = C42E09E91EBCBB5E007E6758 /* PBXContainerItemProxy */;
		};
/* End PBXTargetDependency section */

/* Begin PBXVariantGroup section */
		4ED98FD31CC68FE700198A8A /* Main.storyboard */ = {
			isa = PBXVariantGroup;
			children = (
				4ED98FD41CC68FE700198A8A /* Base */,
			);
			name = Main.storyboard;
			sourceTree = "<group>";
		};
		4ED98FD81CC68FE700198A8A /* LaunchScreen.storyboard */ = {
			isa = PBXVariantGroup;
			children = (
				4ED98FD91CC68FE700198A8A /* Base */,
			);
			name = LaunchScreen.storyboard;
			sourceTree = "<group>";
		};
/* End PBXVariantGroup section */

/* Begin XCBuildConfiguration section */
		4ED98FF21CC68FE800198A8A /* Debug */ = {
			isa = XCBuildConfiguration;
			buildSettings = {
				ALWAYS_SEARCH_USER_PATHS = NO;
				CLANG_ANALYZER_NONNULL = YES;
				CLANG_CXX_LANGUAGE_STANDARD = "gnu++0x";
				CLANG_CXX_LIBRARY = "libc++";
				CLANG_ENABLE_MODULES = YES;
				CLANG_ENABLE_OBJC_ARC = YES;
				CLANG_WARN_BOOL_CONVERSION = YES;
				CLANG_WARN_CONSTANT_CONVERSION = YES;
				CLANG_WARN_DIRECT_OBJC_ISA_USAGE = YES_ERROR;
				CLANG_WARN_EMPTY_BODY = YES;
				CLANG_WARN_ENUM_CONVERSION = YES;
				CLANG_WARN_INFINITE_RECURSION = YES;
				CLANG_WARN_INT_CONVERSION = YES;
				CLANG_WARN_OBJC_ROOT_CLASS = YES_ERROR;
				CLANG_WARN_SUSPICIOUS_MOVE = YES;
				CLANG_WARN_UNREACHABLE_CODE = YES;
				CLANG_WARN__DUPLICATE_METHOD_MATCH = YES;
				"CODE_SIGN_IDENTITY[sdk=iphoneos*]" = "iPhone Developer";
				COPY_PHASE_STRIP = NO;
				DEBUG_INFORMATION_FORMAT = dwarf;
				ENABLE_STRICT_OBJC_MSGSEND = YES;
				ENABLE_TESTABILITY = YES;
				GCC_C_LANGUAGE_STANDARD = gnu99;
				GCC_DYNAMIC_NO_PIC = NO;
				GCC_NO_COMMON_BLOCKS = YES;
				GCC_OPTIMIZATION_LEVEL = 0;
				GCC_PREPROCESSOR_DEFINITIONS = (
					"DEBUG=1",
					"$(inherited)",
				);
				GCC_WARN_64_TO_32_BIT_CONVERSION = YES;
				GCC_WARN_ABOUT_RETURN_TYPE = YES_ERROR;
				GCC_WARN_UNDECLARED_SELECTOR = YES;
				GCC_WARN_UNINITIALIZED_AUTOS = YES_AGGRESSIVE;
				GCC_WARN_UNUSED_FUNCTION = YES;
				GCC_WARN_UNUSED_VARIABLE = YES;
				IPHONEOS_DEPLOYMENT_TARGET = 10.0;
				MTL_ENABLE_DEBUG_INFO = YES;
				ONLY_ACTIVE_ARCH = YES;
				SDKROOT = iphoneos;
				SWIFT_OPTIMIZATION_LEVEL = "-Onone";
				TARGETED_DEVICE_FAMILY = "1,2";
			};
			name = Debug;
		};
		4ED98FF31CC68FE800198A8A /* Release */ = {
			isa = XCBuildConfiguration;
			buildSettings = {
				ALWAYS_SEARCH_USER_PATHS = NO;
				CLANG_ANALYZER_NONNULL = YES;
				CLANG_CXX_LANGUAGE_STANDARD = "gnu++0x";
				CLANG_CXX_LIBRARY = "libc++";
				CLANG_ENABLE_MODULES = YES;
				CLANG_ENABLE_OBJC_ARC = YES;
				CLANG_WARN_BOOL_CONVERSION = YES;
				CLANG_WARN_CONSTANT_CONVERSION = YES;
				CLANG_WARN_DIRECT_OBJC_ISA_USAGE = YES_ERROR;
				CLANG_WARN_EMPTY_BODY = YES;
				CLANG_WARN_ENUM_CONVERSION = YES;
				CLANG_WARN_INFINITE_RECURSION = YES;
				CLANG_WARN_INT_CONVERSION = YES;
				CLANG_WARN_OBJC_ROOT_CLASS = YES_ERROR;
				CLANG_WARN_SUSPICIOUS_MOVE = YES;
				CLANG_WARN_UNREACHABLE_CODE = YES;
				CLANG_WARN__DUPLICATE_METHOD_MATCH = YES;
				"CODE_SIGN_IDENTITY[sdk=iphoneos*]" = "iPhone Developer";
				COPY_PHASE_STRIP = NO;
				DEBUG_INFORMATION_FORMAT = "dwarf-with-dsym";
				ENABLE_NS_ASSERTIONS = NO;
				ENABLE_STRICT_OBJC_MSGSEND = YES;
				GCC_C_LANGUAGE_STANDARD = gnu99;
				GCC_NO_COMMON_BLOCKS = YES;
				GCC_WARN_64_TO_32_BIT_CONVERSION = YES;
				GCC_WARN_ABOUT_RETURN_TYPE = YES_ERROR;
				GCC_WARN_UNDECLARED_SELECTOR = YES;
				GCC_WARN_UNINITIALIZED_AUTOS = YES_AGGRESSIVE;
				GCC_WARN_UNUSED_FUNCTION = YES;
				GCC_WARN_UNUSED_VARIABLE = YES;
				IPHONEOS_DEPLOYMENT_TARGET = 10.0;
				MTL_ENABLE_DEBUG_INFO = NO;
				SDKROOT = iphoneos;
				SWIFT_OPTIMIZATION_LEVEL = "-Owholemodule";
				TARGETED_DEVICE_FAMILY = "1,2";
				VALIDATE_PRODUCT = YES;
			};
			name = Release;
		};
		4ED98FF51CC68FE800198A8A /* Debug */ = {
			isa = XCBuildConfiguration;
			buildSettings = {
				ALWAYS_EMBED_SWIFT_STANDARD_LIBRARIES = YES;
				ASSETCATALOG_COMPILER_APPICON_NAME = AppIcon;
				DEVELOPMENT_TEAM = ARK7F8CZXC;
				INFOPLIST_FILE = sownata/Info.plist;
				IPHONEOS_DEPLOYMENT_TARGET = 10.0;
				LD_RUNPATH_SEARCH_PATHS = "$(inherited) @executable_path/Frameworks";
				PRODUCT_BUNDLE_IDENTIFIER = com.sownata;
				PRODUCT_NAME = "$(TARGET_NAME)";
				SWIFT_VERSION = 3.0;
			};
			name = Debug;
		};
		4ED98FF61CC68FE800198A8A /* Release */ = {
			isa = XCBuildConfiguration;
			buildSettings = {
				ALWAYS_EMBED_SWIFT_STANDARD_LIBRARIES = YES;
				ASSETCATALOG_COMPILER_APPICON_NAME = AppIcon;
				DEVELOPMENT_TEAM = ARK7F8CZXC;
				INFOPLIST_FILE = sownata/Info.plist;
				IPHONEOS_DEPLOYMENT_TARGET = 10.0;
				LD_RUNPATH_SEARCH_PATHS = "$(inherited) @executable_path/Frameworks";
				PRODUCT_BUNDLE_IDENTIFIER = com.sownata;
				PRODUCT_NAME = "$(TARGET_NAME)";
				SWIFT_VERSION = 3.0;
			};
			name = Release;
		};
		4ED98FF81CC68FE800198A8A /* Debug */ = {
			isa = XCBuildConfiguration;
			buildSettings = {
				BUNDLE_LOADER = "$(TEST_HOST)";
				DEVELOPMENT_TEAM = ARK7F8CZXC;
				INFOPLIST_FILE = sownataTests/Info.plist;
				LD_RUNPATH_SEARCH_PATHS = "$(inherited) @executable_path/Frameworks @loader_path/Frameworks";
				PRODUCT_BUNDLE_IDENTIFIER = com.sownataTests;
				PRODUCT_NAME = "$(TARGET_NAME)";
				SWIFT_VERSION = 3.0;
				TEST_HOST = "$(BUILT_PRODUCTS_DIR)/sownata.app/sownata";
			};
			name = Debug;
		};
		4ED98FF91CC68FE800198A8A /* Release */ = {
			isa = XCBuildConfiguration;
			buildSettings = {
				BUNDLE_LOADER = "$(TEST_HOST)";
				DEVELOPMENT_TEAM = ARK7F8CZXC;
				INFOPLIST_FILE = sownataTests/Info.plist;
				LD_RUNPATH_SEARCH_PATHS = "$(inherited) @executable_path/Frameworks @loader_path/Frameworks";
				PRODUCT_BUNDLE_IDENTIFIER = com.sownataTests;
				PRODUCT_NAME = "$(TARGET_NAME)";
				SWIFT_VERSION = 3.0;
				TEST_HOST = "$(BUILT_PRODUCTS_DIR)/sownata.app/sownata";
			};
			name = Release;
		};
		4ED98FFB1CC68FE800198A8A /* Debug */ = {
			isa = XCBuildConfiguration;
			buildSettings = {
				DEVELOPMENT_TEAM = ARK7F8CZXC;
				INFOPLIST_FILE = sownataUITests/Info.plist;
				LD_RUNPATH_SEARCH_PATHS = "$(inherited) @executable_path/Frameworks @loader_path/Frameworks";
				PRODUCT_BUNDLE_IDENTIFIER = com.sownataUITests;
				PRODUCT_NAME = "$(TARGET_NAME)";
				SWIFT_VERSION = 3.0;
				TEST_TARGET_NAME = sownata;
			};
			name = Debug;
		};
		4ED98FFC1CC68FE800198A8A /* Release */ = {
			isa = XCBuildConfiguration;
			buildSettings = {
				DEVELOPMENT_TEAM = ARK7F8CZXC;
				INFOPLIST_FILE = sownataUITests/Info.plist;
				LD_RUNPATH_SEARCH_PATHS = "$(inherited) @executable_path/Frameworks @loader_path/Frameworks";
				PRODUCT_BUNDLE_IDENTIFIER = com.sownataUITests;
				PRODUCT_NAME = "$(TARGET_NAME)";
				SWIFT_VERSION = 3.0;
				TEST_TARGET_NAME = sownata;
			};
			name = Release;
		};
/* End XCBuildConfiguration section */

/* Begin XCConfigurationList section */
		4ED98FC71CC68FE700198A8A /* Build configuration list for PBXProject "sownata" */ = {
			isa = XCConfigurationList;
			buildConfigurations = (
				4ED98FF21CC68FE800198A8A /* Debug */,
				4ED98FF31CC68FE800198A8A /* Release */,
			);
			defaultConfigurationIsVisible = 0;
			defaultConfigurationName = Release;
		};
		4ED98FF41CC68FE800198A8A /* Build configuration list for PBXNativeTarget "sownata" */ = {
			isa = XCConfigurationList;
			buildConfigurations = (
				4ED98FF51CC68FE800198A8A /* Debug */,
				4ED98FF61CC68FE800198A8A /* Release */,
			);
			defaultConfigurationIsVisible = 0;
			defaultConfigurationName = Release;
		};
		4ED98FF71CC68FE800198A8A /* Build configuration list for PBXNativeTarget "sownataTests" */ = {
			isa = XCConfigurationList;
			buildConfigurations = (
				4ED98FF81CC68FE800198A8A /* Debug */,
				4ED98FF91CC68FE800198A8A /* Release */,
			);
			defaultConfigurationIsVisible = 0;
			defaultConfigurationName = Release;
		};
		4ED98FFA1CC68FE800198A8A /* Build configuration list for PBXNativeTarget "sownataUITests" */ = {
			isa = XCConfigurationList;
			buildConfigurations = (
				4ED98FFB1CC68FE800198A8A /* Debug */,
				4ED98FFC1CC68FE800198A8A /* Release */,
			);
			defaultConfigurationIsVisible = 0;
			defaultConfigurationName = Release;
		};
/* End XCConfigurationList section */

/* Begin XCVersionGroup section */
		C44F54321E8428CC00837F4F /* EventsModel.xcdatamodeld */ = {
			isa = XCVersionGroup;
			children = (
				C44F54331E8428CC00837F4F /* EventsModel.xcdatamodel */,
			);
			currentVersion = C44F54331E8428CC00837F4F /* EventsModel.xcdatamodel */;
			path = EventsModel.xcdatamodeld;
			sourceTree = "<group>";
			versionGroupType = wrapper.xcdatamodel;
		};
/* End XCVersionGroup section */
	};
	rootObject = 4ED98FC41CC68FE700198A8A /* Project object */;
}
